
Microsoft Visual Studio Solution File, Format Version 12.00
# Visual Studio Version 17
VisualStudioVersion = 17.14.36203.30 d17.14
MinimumVisualStudioVersion = 10.0.40219.1
Project("{2150E333-8FDC-42A3-9474-1A3956D46DE8}") = "Elementos de la solución", "Elementos de la solución", "{02EA681E-C7D8-13C7-8484-4AC65E1B71E8}"
EndProject
Project("{2150E333-8FDC-42A3-9474-1A3956D46DE8}") = "scr", "scr", "{6A7F19C9-4D04-40E3-984C-8998C33CC11E}"
EndProject
Project("{FAE04EC0-301F-11D3-BF4B-00C04F79EFBC}") = "PRUEBA_SODIMAC.Api", "PRUEBA_SODIMAC.Api\PRUEBA_SODIMAC.Api.csproj", "{0B09DD48-99B4-4119-9962-A6F5520E7DD6}"
EndProject
Project("{FAE04EC0-301F-11D3-BF4B-00C04F79EFBC}") = "PRUEBA_SODIMAC.Application", "PRUEBA_SODIMAC.Application\PRUEBA_SODIMAC.Application.csproj", "{52D2823E-8A55-40D8-B83C-80DE5D69E974}"
EndProject
Project("{FAE04EC0-301F-11D3-BF4B-00C04F79EFBC}") = "PRUEBA_SODIMAC.Domain", "PRUEBA_SODIMAC.Domain\PRUEBA_SODIMAC.Domain.csproj", "{9A7FC8F8-A945-40D2-B81B-05EE65E95056}"
EndProject
Project("{FAE04EC0-301F-11D3-BF4B-00C04F79EFBC}") = "PRUEBA_SODIMAC.Infrastructure", "PRUEBA_SODIMAC.Infrastructure\PRUEBA_SODIMAC.Infrastructure.csproj", "{77CE950C-8F44-412F-A906-1C843B0C3008}"
EndProject
Project("{FAE04EC0-301F-11D3-BF4B-00C04F79EFBC}") = "PRUEBA_SODIMAC.Logger", "PRUEBA_SODIMAC.Logger\PRUEBA_SODIMAC.Logger.csproj", "{876FAD0C-99F3-4A90-A89D-05CC0DFA3361}"
EndProject
Project("{2150E333-8FDC-42A3-9474-1A3956D46DE8}") = "test", "test", "{71A4D1F9-ADD5-481D-A807-1B9E8DB08048}"
EndProject
Project("{FAE04EC0-301F-11D3-BF4B-00C04F79EFBC}") = "PRUEBA_SODIMAC.UnitTests.Api", "PRUEBA_SODIMAC.UnitTests.Api\PRUEBA_SODIMAC.UnitTests.Api.csproj", "{6C00F3D6-1667-4DD0-9568-EDA9D05AB654}"
EndProject
Project("{FAE04EC0-301F-11D3-BF4B-00C04F79EFBC}") = "PRUEBA_SODIMAC.UnitTests.Application", "PRUEBA_SODIMAC.UnitTests.Application\PRUEBA_SODIMAC.UnitTests.Application.csproj", "{57BE7F9F-D7BD-4478-AEA0-3A1226DD32E5}"
EndProject
Project("{FAE04EC0-301F-11D3-BF4B-00C04F79EFBC}") = "PRUEBA_SODIMAC.UnitTests.Infrastructure", "PRUEBA_SODIMAC.UnitTests.Infrastructure\PRUEBA_SODIMAC.UnitTests.Infrastructure.csproj", "{8CCF700A-53C9-459D-94FA-C3B8AEF7F57A}"
EndProject
Project("{FAE04EC0-301F-11D3-BF4B-00C04F79EFBC}") = "PRUEBA_SODIMAC.UnitTests.Domain", "PRUEBA_SODIMAC.UnitTests.Domain\PRUEBA_SODIMAC.UnitTests.Domain.csproj", "{6E67494F-894F-471C-B3AD-C2DE7E7F2F15}"
EndProject
Project("{FAE04EC0-301F-11D3-BF4B-00C04F79EFBC}") = "PRUEBA_SODIMAC.UnitTests.Logger", "PRUEBA_SODIMAC.UnitTests.Logger\PRUEBA_SODIMAC.UnitTests.Logger.csproj", "{0E503710-3C47-4570-8085-0785F6FC1A55}"
EndProject
Global
	GlobalSection(SolutionConfigurationPlatforms) = preSolution
		Debug|Any CPU = Debug|Any CPU
		Release|Any CPU = Release|Any CPU
	EndGlobalSection
	GlobalSection(ProjectConfigurationPlatforms) = postSolution
		{0B09DD48-99B4-4119-9962-A6F5520E7DD6}.Debug|Any CPU.ActiveCfg = Debug|Any CPU
		{0B09DD48-99B4-4119-9962-A6F5520E7DD6}.Debug|Any CPU.Build.0 = Debug|Any CPU
		{0B09DD48-99B4-4119-9962-A6F5520E7DD6}.Release|Any CPU.ActiveCfg = Release|Any CPU
		{0B09DD48-99B4-4119-9962-A6F5520E7DD6}.Release|Any CPU.Build.0 = Release|Any CPU
		{52D2823E-8A55-40D8-B83C-80DE5D69E974}.Debug|Any CPU.ActiveCfg = Debug|Any CPU
		{52D2823E-8A55-40D8-B83C-80DE5D69E974}.Debug|Any CPU.Build.0 = Debug|Any CPU
		{52D2823E-8A55-40D8-B83C-80DE5D69E974}.Release|Any CPU.ActiveCfg = Release|Any CPU
		{52D2823E-8A55-40D8-B83C-80DE5D69E974}.Release|Any CPU.Build.0 = Release|Any CPU
		{9A7FC8F8-A945-40D2-B81B-05EE65E95056}.Debug|Any CPU.ActiveCfg = Debug|Any CPU
		{9A7FC8F8-A945-40D2-B81B-05EE65E95056}.Debug|Any CPU.Build.0 = Debug|Any CPU
		{9A7FC8F8-A945-40D2-B81B-05EE65E95056}.Release|Any CPU.ActiveCfg = Release|Any CPU
		{9A7FC8F8-A945-40D2-B81B-05EE65E95056}.Release|Any CPU.Build.0 = Release|Any CPU
		{77CE950C-8F44-412F-A906-1C843B0C3008}.Debug|Any CPU.ActiveCfg = Debug|Any CPU
		{77CE950C-8F44-412F-A906-1C843B0C3008}.Debug|Any CPU.Build.0 = Debug|Any CPU
		{77CE950C-8F44-412F-A906-1C843B0C3008}.Release|Any CPU.ActiveCfg = Release|Any CPU
		{77CE950C-8F44-412F-A906-1C843B0C3008}.Release|Any CPU.Build.0 = Release|Any CPU
		{876FAD0C-99F3-4A90-A89D-05CC0DFA3361}.Debug|Any CPU.ActiveCfg = Debug|Any CPU
		{876FAD0C-99F3-4A90-A89D-05CC0DFA3361}.Debug|Any CPU.Build.0 = Debug|Any CPU
		{876FAD0C-99F3-4A90-A89D-05CC0DFA3361}.Release|Any CPU.ActiveCfg = Release|Any CPU
		{876FAD0C-99F3-4A90-A89D-05CC0DFA3361}.Release|Any CPU.Build.0 = Release|Any CPU
		{6C00F3D6-1667-4DD0-9568-EDA9D05AB654}.Debug|Any CPU.ActiveCfg = Debug|Any CPU
		{6C00F3D6-1667-4DD0-9568-EDA9D05AB654}.Debug|Any CPU.Build.0 = Debug|Any CPU
		{6C00F3D6-1667-4DD0-9568-EDA9D05AB654}.Release|Any CPU.ActiveCfg = Release|Any CPU
		{6C00F3D6-1667-4DD0-9568-EDA9D05AB654}.Release|Any CPU.Build.0 = Release|Any CPU
		{57BE7F9F-D7BD-4478-AEA0-3A1226DD32E5}.Debug|Any CPU.ActiveCfg = Debug|Any CPU
		{57BE7F9F-D7BD-4478-AEA0-3A1226DD32E5}.Debug|Any CPU.Build.0 = Debug|Any CPU
		{57BE7F9F-D7BD-4478-AEA0-3A1226DD32E5}.Release|Any CPU.ActiveCfg = Release|Any CPU
		{57BE7F9F-D7BD-4478-AEA0-3A1226DD32E5}.Release|Any CPU.Build.0 = Release|Any CPU
		{8CCF700A-53C9-459D-94FA-C3B8AEF7F57A}.Debug|Any CPU.ActiveCfg = Debug|Any CPU
		{8CCF700A-53C9-459D-94FA-C3B8AEF7F57A}.Debug|Any CPU.Build.0 = Debug|Any CPU
		{8CCF700A-53C9-459D-94FA-C3B8AEF7F57A}.Release|Any CPU.ActiveCfg = Release|Any CPU
		{8CCF700A-53C9-459D-94FA-C3B8AEF7F57A}.Release|Any CPU.Build.0 = Release|Any CPU
		{6E67494F-894F-471C-B3AD-C2DE7E7F2F15}.Debug|Any CPU.ActiveCfg = Debug|Any CPU
		{6E67494F-894F-471C-B3AD-C2DE7E7F2F15}.Debug|Any CPU.Build.0 = Debug|Any CPU
		{6E67494F-894F-471C-B3AD-C2DE7E7F2F15}.Release|Any CPU.ActiveCfg = Release|Any CPU
		{6E67494F-894F-471C-B3AD-C2DE7E7F2F15}.Release|Any CPU.Build.0 = Release|Any CPU
		{0E503710-3C47-4570-8085-0785F6FC1A55}.Debug|Any CPU.ActiveCfg = Debug|Any CPU
		{0E503710-3C47-4570-8085-0785F6FC1A55}.Debug|Any CPU.Build.0 = Debug|Any CPU
		{0E503710-3C47-4570-8085-0785F6FC1A55}.Release|Any CPU.ActiveCfg = Release|Any CPU
		{0E503710-3C47-4570-8085-0785F6FC1A55}.Release|Any CPU.Build.0 = Release|Any CPU
	EndGlobalSection
	GlobalSection(SolutionProperties) = preSolution
		HideSolutionNode = FALSE
	EndGlobalSection
	GlobalSection(NestedProjects) = preSolution
		{0B09DD48-99B4-4119-9962-A6F5520E7DD6} = {6A7F19C9-4D04-40E3-984C-8998C33CC11E}
		{52D2823E-8A55-40D8-B83C-80DE5D69E974} = {6A7F19C9-4D04-40E3-984C-8998C33CC11E}
		{9A7FC8F8-A945-40D2-B81B-05EE65E95056} = {6A7F19C9-4D04-40E3-984C-8998C33CC11E}
		{77CE950C-8F44-412F-A906-1C843B0C3008} = {6A7F19C9-4D04-40E3-984C-8998C33CC11E}
		{876FAD0C-99F3-4A90-A89D-05CC0DFA3361} = {6A7F19C9-4D04-40E3-984C-8998C33CC11E}
		{6C00F3D6-1667-4DD0-9568-EDA9D05AB654} = {71A4D1F9-ADD5-481D-A807-1B9E8DB08048}
		{57BE7F9F-D7BD-4478-AEA0-3A1226DD32E5} = {71A4D1F9-ADD5-481D-A807-1B9E8DB08048}
		{8CCF700A-53C9-459D-94FA-C3B8AEF7F57A} = {71A4D1F9-ADD5-481D-A807-1B9E8DB08048}
		{6E67494F-894F-471C-B3AD-C2DE7E7F2F15} = {71A4D1F9-ADD5-481D-A807-1B9E8DB08048}
		{0E503710-3C47-4570-8085-0785F6FC1A55} = {71A4D1F9-ADD5-481D-A807-1B9E8DB08048}
	EndGlobalSection
	GlobalSection(ExtensibilityGlobals) = postSolution
		SolutionGuid = {745E413D-5A3B-4117-891B-CFCB76EB5269}
	EndGlobalSection
EndGlobal
